// !$*UTF8*$!
{
	archiveVersion = 1;
	classes = {
	};
	objectVersion = 56;
	objects = {

/* Begin PBXBuildFile section */
		C8DFB45D2B4AC1F000865E8F /* AppDelegate.swift in Sources */ = {isa = PBXBuildFile; fileRef = C8DFB45C2B4AC1F000865E8F /* AppDelegate.swift */; };
		C8DFB45F2B4AC1F000865E8F /* SceneDelegate.swift in Sources */ = {isa = PBXBuildFile; fileRef = C8DFB45E2B4AC1F000865E8F /* SceneDelegate.swift */; };
		C8DFB4612B4AC1F000865E8F /* ViewController.swift in Sources */ = {isa = PBXBuildFile; fileRef = C8DFB4602B4AC1F000865E8F /* ViewController.swift */; };
		C8DFB4642B4AC1F000865E8F /* Main.storyboard in Resources */ = {isa = PBXBuildFile; fileRef = C8DFB4622B4AC1F000865E8F /* Main.storyboard */; };
		C8DFB4662B4AC1F100865E8F /* Assets.xcassets in Resources */ = {isa = PBXBuildFile; fileRef = C8DFB4652B4AC1F100865E8F /* Assets.xcassets */; };
		C8DFB4692B4AC1F100865E8F /* LaunchScreen.storyboard in Resources */ = {isa = PBXBuildFile; fileRef = C8DFB4672B4AC1F100865E8F /* LaunchScreen.storyboard */; };
		C8DFB4742B4AC1F100865E8F /* ImageFeedTests.swift in Sources */ = {isa = PBXBuildFile; fileRef = C8DFB4732B4AC1F100865E8F /* ImageFeedTests.swift */; };
		C8DFB47E2B4AC1F100865E8F /* ImageFeedUITests.swift in Sources */ = {isa = PBXBuildFile; fileRef = C8DFB47D2B4AC1F100865E8F /* ImageFeedUITests.swift */; };
		C8DFB4802B4AC1F100865E8F /* ImageFeedUITestsLaunchTests.swift in Sources */ = {isa = PBXBuildFile; fileRef = C8DFB47F2B4AC1F100865E8F /* ImageFeedUITestsLaunchTests.swift */; };
/* End PBXBuildFile section */

/* Begin PBXContainerItemProxy section */
		C8DFB4702B4AC1F100865E8F /* PBXContainerItemProxy */ = {
			isa = PBXContainerItemProxy;
			containerPortal = C8DFB4512B4AC1F000865E8F /* Project object */;
			proxyType = 1;
			remoteGlobalIDString = C8DFB4582B4AC1F000865E8F;
			remoteInfo = ImageFeed;
		};
		C8DFB47A2B4AC1F100865E8F /* PBXContainerItemProxy */ = {
			isa = PBXContainerItemProxy;
			containerPortal = C8DFB4512B4AC1F000865E8F /* Project object */;
			proxyType = 1;
			remoteGlobalIDString = C8DFB4582B4AC1F000865E8F;
			remoteInfo = ImageFeed;
		};
/* End PBXContainerItemProxy section */

/* Begin PBXFileReference section */
		C8DFB4592B4AC1F000865E8F /* ImageFeed.app */ = {isa = PBXFileReference; explicitFileType = wrapper.application; includeInIndex = 0; path = ImageFeed.app; sourceTree = BUILT_PRODUCTS_DIR; };
		C8DFB45C2B4AC1F000865E8F /* AppDelegate.swift */ = {isa = PBXFileReference; lastKnownFileType = sourcecode.swift; path = AppDelegate.swift; sourceTree = "<group>"; };
		C8DFB45E2B4AC1F000865E8F /* SceneDelegate.swift */ = {isa = PBXFileReference; lastKnownFileType = sourcecode.swift; path = SceneDelegate.swift; sourceTree = "<group>"; };
		C8DFB4602B4AC1F000865E8F /* ViewController.swift */ = {isa = PBXFileReference; lastKnownFileType = sourcecode.swift; path = ViewController.swift; sourceTree = "<group>"; };
		C8DFB4632B4AC1F000865E8F /* Base */ = {isa = PBXFileReference; lastKnownFileType = file.storyboard; name = Base; path = Base.lproj/Main.storyboard; sourceTree = "<group>"; };
		C8DFB4652B4AC1F100865E8F /* Assets.xcassets */ = {isa = PBXFileReference; lastKnownFileType = folder.assetcatalog; path = Assets.xcassets; sourceTree = "<group>"; };
		C8DFB4682B4AC1F100865E8F /* Base */ = {isa = PBXFileReference; lastKnownFileType = file.storyboard; name = Base; path = Base.lproj/LaunchScreen.storyboard; sourceTree = "<group>"; };
		C8DFB46A2B4AC1F100865E8F /* Info.plist */ = {isa = PBXFileReference; lastKnownFileType = text.plist.xml; path = Info.plist; sourceTree = "<group>"; };
		C8DFB46F2B4AC1F100865E8F /* ImageFeedTests.xctest */ = {isa = PBXFileReference; explicitFileType = wrapper.cfbundle; includeInIndex = 0; path = ImageFeedTests.xctest; sourceTree = BUILT_PRODUCTS_DIR; };
		C8DFB4732B4AC1F100865E8F /* ImageFeedTests.swift */ = {isa = PBXFileReference; lastKnownFileType = sourcecode.swift; path = ImageFeedTests.swift; sourceTree = "<group>"; };
		C8DFB4792B4AC1F100865E8F /* ImageFeedUITests.xctest */ = {isa = PBXFileReference; explicitFileType = wrapper.cfbundle; includeInIndex = 0; path = ImageFeedUITests.xctest; sourceTree = BUILT_PRODUCTS_DIR; };
		C8DFB47D2B4AC1F100865E8F /* ImageFeedUITests.swift */ = {isa = PBXFileReference; lastKnownFileType = sourcecode.swift; path = ImageFeedUITests.swift; sourceTree = "<group>"; };
		C8DFB47F2B4AC1F100865E8F /* ImageFeedUITestsLaunchTests.swift */ = {isa = PBXFileReference; lastKnownFileType = sourcecode.swift; path = ImageFeedUITestsLaunchTests.swift; sourceTree = "<group>"; };
/* End PBXFileReference section */

/* Begin PBXFrameworksBuildPhase section */
		C8DFB4562B4AC1F000865E8F /* Frameworks */ = {
			isa = PBXFrameworksBuildPhase;
			buildActionMask = 2147483647;
			files = (
			);
			runOnlyForDeploymentPostprocessing = 0;
		};
		C8DFB46C2B4AC1F100865E8F /* Frameworks */ = {
			isa = PBXFrameworksBuildPhase;
			buildActionMask = 2147483647;
			files = (
			);
			runOnlyForDeploymentPostprocessing = 0;
		};
		C8DFB4762B4AC1F100865E8F /* Frameworks */ = {
			isa = PBXFrameworksBuildPhase;
			buildActionMask = 2147483647;
			files = (
			);
			runOnlyForDeploymentPostprocessing = 0;
		};
/* End PBXFrameworksBuildPhase section */

/* Begin PBXGroup section */
		C8DFB4502B4AC1F000865E8F = {
			isa = PBXGroup;
			children = (
				C8DFB45B2B4AC1F000865E8F /* ImageFeed */,
				C8DFB4722B4AC1F100865E8F /* ImageFeedTests */,
				C8DFB47C2B4AC1F100865E8F /* ImageFeedUITests */,
				C8DFB45A2B4AC1F000865E8F /* Products */,
			);
			sourceTree = "<group>";
		};
		C8DFB45A2B4AC1F000865E8F /* Products */ = {
			isa = PBXGroup;
			children = (
				C8DFB4592B4AC1F000865E8F /* ImageFeed.app */,
				C8DFB46F2B4AC1F100865E8F /* ImageFeedTests.xctest */,
				C8DFB4792B4AC1F100865E8F /* ImageFeedUITests.xctest */,
			);
			name = Products;
			sourceTree = "<group>";
		};
		C8DFB45B2B4AC1F000865E8F /* ImageFeed */ = {
			isa = PBXGroup;
			children = (
				C8DFB45C2B4AC1F000865E8F /* AppDelegate.swift */,
				C8DFB45E2B4AC1F000865E8F /* SceneDelegate.swift */,
				C8DFB4602B4AC1F000865E8F /* ViewController.swift */,
				C8DFB4622B4AC1F000865E8F /* Main.storyboard */,
				C8DFB4652B4AC1F100865E8F /* Assets.xcassets */,
				C8DFB4672B4AC1F100865E8F /* LaunchScreen.storyboard */,
				C8DFB46A2B4AC1F100865E8F /* Info.plist */,
			);
			path = ImageFeed;
			sourceTree = "<group>";
		};
		C8DFB4722B4AC1F100865E8F /* ImageFeedTests */ = {
			isa = PBXGroup;
			children = (
				C8DFB4732B4AC1F100865E8F /* ImageFeedTests.swift */,
			);
			path = ImageFeedTests;
			sourceTree = "<group>";
		};
		C8DFB47C2B4AC1F100865E8F /* ImageFeedUITests */ = {
			isa = PBXGroup;
			children = (
				C8DFB47D2B4AC1F100865E8F /* ImageFeedUITests.swift */,
				C8DFB47F2B4AC1F100865E8F /* ImageFeedUITestsLaunchTests.swift */,
			);
			path = ImageFeedUITests;
			sourceTree = "<group>";
		};
/* End PBXGroup section */

/* Begin PBXNativeTarget section */
		C8DFB4582B4AC1F000865E8F /* ImageFeed */ = {
			isa = PBXNativeTarget;
			buildConfigurationList = C8DFB4832B4AC1F100865E8F /* Build configuration list for PBXNativeTarget "ImageFeed" */;
			buildPhases = (
				C8DFB4552B4AC1F000865E8F /* Sources */,
				C8DFB4562B4AC1F000865E8F /* Frameworks */,
				C8DFB4572B4AC1F000865E8F /* Resources */,
			);
			buildRules = (
			);
			dependencies = (
			);
			name = ImageFeed;
			productName = ImageFeed;
			productReference = C8DFB4592B4AC1F000865E8F /* ImageFeed.app */;
			productType = "com.apple.product-type.application";
		};
		C8DFB46E2B4AC1F100865E8F /* ImageFeedTests */ = {
			isa = PBXNativeTarget;
			buildConfigurationList = C8DFB4862B4AC1F100865E8F /* Build configuration list for PBXNativeTarget "ImageFeedTests" */;
			buildPhases = (
				C8DFB46B2B4AC1F100865E8F /* Sources */,
				C8DFB46C2B4AC1F100865E8F /* Frameworks */,
				C8DFB46D2B4AC1F100865E8F /* Resources */,
			);
			buildRules = (
			);
			dependencies = (
				C8DFB4712B4AC1F100865E8F /* PBXTargetDependency */,
			);
			name = ImageFeedTests;
			productName = ImageFeedTests;
			productReference = C8DFB46F2B4AC1F100865E8F /* ImageFeedTests.xctest */;
			productType = "com.apple.product-type.bundle.unit-test";
		};
		C8DFB4782B4AC1F100865E8F /* ImageFeedUITests */ = {
			isa = PBXNativeTarget;
			buildConfigurationList = C8DFB4892B4AC1F100865E8F /* Build configuration list for PBXNativeTarget "ImageFeedUITests" */;
			buildPhases = (
				C8DFB4752B4AC1F100865E8F /* Sources */,
				C8DFB4762B4AC1F100865E8F /* Frameworks */,
				C8DFB4772B4AC1F100865E8F /* Resources */,
			);
			buildRules = (
			);
			dependencies = (
				C8DFB47B2B4AC1F100865E8F /* PBXTargetDependency */,
			);
			name = ImageFeedUITests;
			productName = ImageFeedUITests;
			productReference = C8DFB4792B4AC1F100865E8F /* ImageFeedUITests.xctest */;
			productType = "com.apple.product-type.bundle.ui-testing";
		};
/* End PBXNativeTarget section */

/* Begin PBXProject section */
		C8DFB4512B4AC1F000865E8F /* Project object */ = {
			isa = PBXProject;
			attributes = {
				BuildIndependentTargetsInParallel = 1;
				LastSwiftUpdateCheck = 1430;
				LastUpgradeCheck = 1430;
				TargetAttributes = {
					C8DFB4582B4AC1F000865E8F = {
						CreatedOnToolsVersion = 14.3.1;
					};
					C8DFB46E2B4AC1F100865E8F = {
						CreatedOnToolsVersion = 14.3.1;
						TestTargetID = C8DFB4582B4AC1F000865E8F;
					};
					C8DFB4782B4AC1F100865E8F = {
						CreatedOnToolsVersion = 14.3.1;
						TestTargetID = C8DFB4582B4AC1F000865E8F;
					};
				};
			};
			buildConfigurationList = C8DFB4542B4AC1F000865E8F /* Build configuration list for PBXProject "ImageFeed" */;
			compatibilityVersion = "Xcode 14.0";
			developmentRegion = en;
			hasScannedForEncodings = 0;
			knownRegions = (
				en,
				Base,
			);
			mainGroup = C8DFB4502B4AC1F000865E8F;
			productRefGroup = C8DFB45A2B4AC1F000865E8F /* Products */;
			projectDirPath = "";
			projectRoot = "";
			targets = (
				C8DFB4582B4AC1F000865E8F /* ImageFeed */,
				C8DFB46E2B4AC1F100865E8F /* ImageFeedTests */,
				C8DFB4782B4AC1F100865E8F /* ImageFeedUITests */,
			);
		};
/* End PBXProject section */

/* Begin PBXResourcesBuildPhase section */
		C8DFB4572B4AC1F000865E8F /* Resources */ = {
			isa = PBXResourcesBuildPhase;
			buildActionMask = 2147483647;
			files = (
				C8DFB4692B4AC1F100865E8F /* LaunchScreen.storyboard in Resources */,
				C8DFB4662B4AC1F100865E8F /* Assets.xcassets in Resources */,
				C8DFB4642B4AC1F000865E8F /* Main.storyboard in Resources */,
			);
			runOnlyForDeploymentPostprocessing = 0;
		};
		C8DFB46D2B4AC1F100865E8F /* Resources */ = {
			isa = PBXResourcesBuildPhase;
			buildActionMask = 2147483647;
			files = (
			);
			runOnlyForDeploymentPostprocessing = 0;
		};
		C8DFB4772B4AC1F100865E8F /* Resources */ = {
			isa = PBXResourcesBuildPhase;
			buildActionMask = 2147483647;
			files = (
			);
			runOnlyForDeploymentPostprocessing = 0;
		};
/* End PBXResourcesBuildPhase section */

/* Begin PBXSourcesBuildPhase section */
		C8DFB4552B4AC1F000865E8F /* Sources */ = {
			isa = PBXSourcesBuildPhase;
			buildActionMask = 2147483647;
			files = (
				C8DFB4612B4AC1F000865E8F /* ViewController.swift in Sources */,
				C8DFB45D2B4AC1F000865E8F /* AppDelegate.swift in Sources */,
				C8DFB45F2B4AC1F000865E8F /* SceneDelegate.swift in Sources */,
			);
			runOnlyForDeploymentPostprocessing = 0;
		};
		C8DFB46B2B4AC1F100865E8F /* Sources */ = {
			isa = PBXSourcesBuildPhase;
			buildActionMask = 2147483647;
			files = (
				C8DFB4742B4AC1F100865E8F /* ImageFeedTests.swift in Sources */,
			);
			runOnlyForDeploymentPostprocessing = 0;
		};
		C8DFB4752B4AC1F100865E8F /* Sources */ = {
			isa = PBXSourcesBuildPhase;
			buildActionMask = 2147483647;
			files = (
				C8DFB4802B4AC1F100865E8F /* ImageFeedUITestsLaunchTests.swift in Sources */,
				C8DFB47E2B4AC1F100865E8F /* ImageFeedUITests.swift in Sources */,
			);
			runOnlyForDeploymentPostprocessing = 0;
		};
/* End PBXSourcesBuildPhase section */

/* Begin PBXTargetDependency section */
		C8DFB4712B4AC1F100865E8F /* PBXTargetDependency */ = {
			isa = PBXTargetDependency;
			target = C8DFB4582B4AC1F000865E8F /* ImageFeed */;
			targetProxy = C8DFB4702B4AC1F100865E8F /* PBXContainerItemProxy */;
		};
		C8DFB47B2B4AC1F100865E8F /* PBXTargetDependency */ = {
			isa = PBXTargetDependency;
			target = C8DFB4582B4AC1F000865E8F /* ImageFeed */;
			targetProxy = C8DFB47A2B4AC1F100865E8F /* PBXContainerItemProxy */;
		};
/* End PBXTargetDependency section */

/* Begin PBXVariantGroup section */
		C8DFB4622B4AC1F000865E8F /* Main.storyboard */ = {
			isa = PBXVariantGroup;
			children = (
				C8DFB4632B4AC1F000865E8F /* Base */,
			);
			name = Main.storyboard;
			sourceTree = "<group>";
		};
		C8DFB4672B4AC1F100865E8F /* LaunchScreen.storyboard */ = {
			isa = PBXVariantGroup;
			children = (
				C8DFB4682B4AC1F100865E8F /* Base */,
			);
			name = LaunchScreen.storyboard;
			sourceTree = "<group>";
		};
/* End PBXVariantGroup section */

/* Begin XCBuildConfiguration section */
		C8DFB4812B4AC1F100865E8F /* Debug */ = {
			isa = XCBuildConfiguration;
			buildSettings = {
				ALWAYS_SEARCH_USER_PATHS = NO;
				CLANG_ANALYZER_NONNULL = YES;
				CLANG_ANALYZER_NUMBER_OBJECT_CONVERSION = YES_AGGRESSIVE;
				CLANG_CXX_LANGUAGE_STANDARD = "gnu++20";
				CLANG_ENABLE_MODULES = YES;
				CLANG_ENABLE_OBJC_ARC = YES;
				CLANG_ENABLE_OBJC_WEAK = YES;
				CLANG_WARN_BLOCK_CAPTURE_AUTORELEASING = YES;
				CLANG_WARN_BOOL_CONVERSION = YES;
				CLANG_WARN_COMMA = YES;
				CLANG_WARN_CONSTANT_CONVERSION = YES;
				CLANG_WARN_DEPRECATED_OBJC_IMPLEMENTATIONS = YES;
				CLANG_WARN_DIRECT_OBJC_ISA_USAGE = YES_ERROR;
				CLANG_WARN_DOCUMENTATION_COMMENTS = YES;
				CLANG_WARN_EMPTY_BODY = YES;
				CLANG_WARN_ENUM_CONVERSION = YES;
				CLANG_WARN_INFINITE_RECURSION = YES;
				CLANG_WARN_INT_CONVERSION = YES;
				CLANG_WARN_NON_LITERAL_NULL_CONVERSION = YES;
				CLANG_WARN_OBJC_IMPLICIT_RETAIN_SELF = YES;
				CLANG_WARN_OBJC_LITERAL_CONVERSION = YES;
				CLANG_WARN_OBJC_ROOT_CLASS = YES_ERROR;
				CLANG_WARN_QUOTED_INCLUDE_IN_FRAMEWORK_HEADER = YES;
				CLANG_WARN_RANGE_LOOP_ANALYSIS = YES;
				CLANG_WARN_STRICT_PROTOTYPES = YES;
				CLANG_WARN_SUSPICIOUS_MOVE = YES;
				CLANG_WARN_UNGUARDED_AVAILABILITY = YES_AGGRESSIVE;
				CLANG_WARN_UNREACHABLE_CODE = YES;
				CLANG_WARN__DUPLICATE_METHOD_MATCH = YES;
				COPY_PHASE_STRIP = NO;
				DEBUG_INFORMATION_FORMAT = dwarf;
				ENABLE_STRICT_OBJC_MSGSEND = YES;
				ENABLE_TESTABILITY = YES;
				GCC_C_LANGUAGE_STANDARD = gnu11;
				GCC_DYNAMIC_NO_PIC = NO;
				GCC_NO_COMMON_BLOCKS = YES;
				GCC_OPTIMIZATION_LEVEL = 0;
				GCC_PREPROCESSOR_DEFINITIONS = (
					"DEBUG=1",
					"$(inherited)",
				);
				GCC_WARN_64_TO_32_BIT_CONVERSION = YES;
				GCC_WARN_ABOUT_RETURN_TYPE = YES_ERROR;
				GCC_WARN_UNDECLARED_SELECTOR = YES;
				GCC_WARN_UNINITIALIZED_AUTOS = YES_AGGRESSIVE;
				GCC_WARN_UNUSED_FUNCTION = YES;
				GCC_WARN_UNUSED_VARIABLE = YES;
				IPHONEOS_DEPLOYMENT_TARGET = 16.4;
				MTL_ENABLE_DEBUG_INFO = INCLUDE_SOURCE;
				MTL_FAST_MATH = YES;
				ONLY_ACTIVE_ARCH = YES;
				SDKROOT = iphoneos;
				SWIFT_ACTIVE_COMPILATION_CONDITIONS = DEBUG;
				SWIFT_OPTIMIZATION_LEVEL = "-Onone";
			};
			name = Debug;
		};
		C8DFB4822B4AC1F100865E8F /* Release */ = {
			isa = XCBuildConfiguration;
			buildSettings = {
				ALWAYS_SEARCH_USER_PATHS = NO;
				CLANG_ANALYZER_NONNULL = YES;
				CLANG_ANALYZER_NUMBER_OBJECT_CONVERSION = YES_AGGRESSIVE;
				CLANG_CXX_LANGUAGE_STANDARD = "gnu++20";
				CLANG_ENABLE_MODULES = YES;
				CLANG_ENABLE_OBJC_ARC = YES;
				CLANG_ENABLE_OBJC_WEAK = YES;
				CLANG_WARN_BLOCK_CAPTURE_AUTORELEASING = YES;
				CLANG_WARN_BOOL_CONVERSION = YES;
				CLANG_WARN_COMMA = YES;
				CLANG_WARN_CONSTANT_CONVERSION = YES;
				CLANG_WARN_DEPRECATED_OBJC_IMPLEMENTATIONS = YES;
				CLANG_WARN_DIRECT_OBJC_ISA_USAGE = YES_ERROR;
				CLANG_WARN_DOCUMENTATION_COMMENTS = YES;
				CLANG_WARN_EMPTY_BODY = YES;
				CLANG_WARN_ENUM_CONVERSION = YES;
				CLANG_WARN_INFINITE_RECURSION = YES;
				CLANG_WARN_INT_CONVERSION = YES;
				CLANG_WARN_NON_LITERAL_NULL_CONVERSION = YES;
				CLANG_WARN_OBJC_IMPLICIT_RETAIN_SELF = YES;
				CLANG_WARN_OBJC_LITERAL_CONVERSION = YES;
				CLANG_WARN_OBJC_ROOT_CLASS = YES_ERROR;
				CLANG_WARN_QUOTED_INCLUDE_IN_FRAMEWORK_HEADER = YES;
				CLANG_WARN_RANGE_LOOP_ANALYSIS = YES;
				CLANG_WARN_STRICT_PROTOTYPES = YES;
				CLANG_WARN_SUSPICIOUS_MOVE = YES;
				CLANG_WARN_UNGUARDED_AVAILABILITY = YES_AGGRESSIVE;
				CLANG_WARN_UNREACHABLE_CODE = YES;
				CLANG_WARN__DUPLICATE_METHOD_MATCH = YES;
				COPY_PHASE_STRIP = NO;
				DEBUG_INFORMATION_FORMAT = "dwarf-with-dsym";
				ENABLE_NS_ASSERTIONS = NO;
				ENABLE_STRICT_OBJC_MSGSEND = YES;
				GCC_C_LANGUAGE_STANDARD = gnu11;
				GCC_NO_COMMON_BLOCKS = YES;
				GCC_WARN_64_TO_32_BIT_CONVERSION = YES;
				GCC_WARN_ABOUT_RETURN_TYPE = YES_ERROR;
				GCC_WARN_UNDECLARED_SELECTOR = YES;
				GCC_WARN_UNINITIALIZED_AUTOS = YES_AGGRESSIVE;
				GCC_WARN_UNUSED_FUNCTION = YES;
				GCC_WARN_UNUSED_VARIABLE = YES;
				IPHONEOS_DEPLOYMENT_TARGET = 16.4;
				MTL_ENABLE_DEBUG_INFO = NO;
				MTL_FAST_MATH = YES;
				SDKROOT = iphoneos;
				SWIFT_COMPILATION_MODE = wholemodule;
				SWIFT_OPTIMIZATION_LEVEL = "-O";
				VALIDATE_PRODUCT = YES;
			};
			name = Release;
		};
		C8DFB4842B4AC1F100865E8F /* Debug */ = {
			isa = XCBuildConfiguration;
			buildSettings = {
				ASSETCATALOG_COMPILER_APPICON_NAME = AppIcon;
				ASSETCATALOG_COMPILER_GLOBAL_ACCENT_COLOR_NAME = AccentColor;
				CODE_SIGN_STYLE = Automatic;
				CURRENT_PROJECT_VERSION = 1;
				DEVELOPMENT_TEAM = 8ANAPSQLYM;
				GENERATE_INFOPLIST_FILE = YES;
				INFOPLIST_FILE = ImageFeed/Info.plist;
				INFOPLIST_KEY_UIApplicationSupportsIndirectInputEvents = YES;
				INFOPLIST_KEY_UILaunchStoryboardName = LaunchScreen;
				INFOPLIST_KEY_UIMainStoryboardFile = Main;
				INFOPLIST_KEY_UISupportedInterfaceOrientations_iPad = "UIInterfaceOrientationPortrait UIInterfaceOrientationPortraitUpsideDown UIInterfaceOrientationLandscapeLeft UIInterfaceOrientationLandscapeRight";
				INFOPLIST_KEY_UISupportedInterfaceOrientations_iPhone = "UIInterfaceOrientationPortrait UIInterfaceOrientationLandscapeLeft UIInterfaceOrientationLandscapeRight";
				LD_RUNPATH_SEARCH_PATHS = (
					"$(inherited)",
					"@executable_path/Frameworks",
				);
				MARKETING_VERSION = 1.0;
				PRODUCT_BUNDLE_IDENTIFIER = ru.yandex.practicum.ImageFeed;
				PRODUCT_NAME = "$(TARGET_NAME)";
				SWIFT_EMIT_LOC_STRINGS = YES;
				SWIFT_VERSION = 5.0;
				TARGETED_DEVICE_FAMILY = "1,2";
			};
			name = Debug;
		};
		C8DFB4852B4AC1F100865E8F /* Release */ = {
			isa = XCBuildConfiguration;
			buildSettings = {
				ASSETCATALOG_COMPILER_APPICON_NAME = AppIcon;
				ASSETCATALOG_COMPILER_GLOBAL_ACCENT_COLOR_NAME = AccentColor;
				CODE_SIGN_STYLE = Automatic;
				CURRENT_PROJECT_VERSION = 1;
				DEVELOPMENT_TEAM = 8ANAPSQLYM;
				GENERATE_INFOPLIST_FILE = YES;
				INFOPLIST_FILE = ImageFeed/Info.plist;
				INFOPLIST_KEY_UIApplicationSupportsIndirectInputEvents = YES;
				INFOPLIST_KEY_UILaunchStoryboardName = LaunchScreen;
				INFOPLIST_KEY_UIMainStoryboardFile = Main;
				INFOPLIST_KEY_UISupportedInterfaceOrientations_iPad = "UIInterfaceOrientationPortrait UIInterfaceOrientationPortraitUpsideDown UIInterfaceOrientationLandscapeLeft UIInterfaceOrientationLandscapeRight";
				INFOPLIST_KEY_UISupportedInterfaceOrientations_iPhone = "UIInterfaceOrientationPortrait UIInterfaceOrientationLandscapeLeft UIInterfaceOrientationLandscapeRight";
				LD_RUNPATH_SEARCH_PATHS = (
					"$(inherited)",
					"@executable_path/Frameworks",
				);
				MARKETING_VERSION = 1.0;
				PRODUCT_BUNDLE_IDENTIFIER = ru.yandex.practicum.ImageFeed;
				PRODUCT_NAME = "$(TARGET_NAME)";
				SWIFT_EMIT_LOC_STRINGS = YES;
				SWIFT_VERSION = 5.0;
				TARGETED_DEVICE_FAMILY = "1,2";
			};
			name = Release;
		};
		C8DFB4872B4AC1F100865E8F /* Debug */ = {
			isa = XCBuildConfiguration;
			buildSettings = {
				ALWAYS_EMBED_SWIFT_STANDARD_LIBRARIES = YES;
				BUNDLE_LOADER = "$(TEST_HOST)";
				CODE_SIGN_STYLE = Automatic;
				CURRENT_PROJECT_VERSION = 1;
				DEVELOPMENT_TEAM = 8ANAPSQLYM;
				GENERATE_INFOPLIST_FILE = YES;
				IPHONEOS_DEPLOYMENT_TARGET = 16.4;
				MARKETING_VERSION = 1.0;
				PRODUCT_BUNDLE_IDENTIFIER = ru.yandex.practicum.ImageFeedTests;
				PRODUCT_NAME = "$(TARGET_NAME)";
				SWIFT_EMIT_LOC_STRINGS = NO;
				SWIFT_VERSION = 5.0;
				TARGETED_DEVICE_FAMILY = "1,2";
				TEST_HOST = "$(BUILT_PRODUCTS_DIR)/ImageFeed.app/$(BUNDLE_EXECUTABLE_FOLDER_PATH)/ImageFeed";
			};
			name = Debug;
		};
		C8DFB4882B4AC1F100865E8F /* Release */ = {
			isa = XCBuildConfiguration;
			buildSettings = {
				ALWAYS_EMBED_SWIFT_STANDARD_LIBRARIES = YES;
				BUNDLE_LOADER = "$(TEST_HOST)";
				CODE_SIGN_STYLE = Automatic;
				CURRENT_PROJECT_VERSION = 1;
				DEVELOPMENT_TEAM = 8ANAPSQLYM;
				GENERATE_INFOPLIST_FILE = YES;
				IPHONEOS_DEPLOYMENT_TARGET = 16.4;
				MARKETING_VERSION = 1.0;
				PRODUCT_BUNDLE_IDENTIFIER = ru.yandex.practicum.ImageFeedTests;
				PRODUCT_NAME = "$(TARGET_NAME)";
				SWIFT_EMIT_LOC_STRINGS = NO;
				SWIFT_VERSION = 5.0;
				TARGETED_DEVICE_FAMILY = "1,2";
				TEST_HOST = "$(BUILT_PRODUCTS_DIR)/ImageFeed.app/$(BUNDLE_EXECUTABLE_FOLDER_PATH)/ImageFeed";
			};
			name = Release;
		};
		C8DFB48A2B4AC1F100865E8F /* Debug */ = {
			isa = XCBuildConfiguration;
			buildSettings = {
				ALWAYS_EMBED_SWIFT_STANDARD_LIBRARIES = YES;
				CODE_SIGN_STYLE = Automatic;
				CURRENT_PROJECT_VERSION = 1;
				DEVELOPMENT_TEAM = 8ANAPSQLYM;
				GENERATE_INFOPLIST_FILE = YES;
				MARKETING_VERSION = 1.0;
				PRODUCT_BUNDLE_IDENTIFIER = ru.yandex.practicum.ImageFeedUITests;
				PRODUCT_NAME = "$(TARGET_NAME)";
				SWIFT_EMIT_LOC_STRINGS = NO;
				SWIFT_VERSION = 5.0;
				TARGETED_DEVICE_FAMILY = "1,2";
				TEST_TARGET_NAME = ImageFeed;
			};
			name = Debug;
		};
		C8DFB48B2B4AC1F100865E8F /* Release */ = {
			isa = XCBuildConfiguration;
			buildSettings = {
				ALWAYS_EMBED_SWIFT_STANDARD_LIBRARIES = YES;
				CODE_SIGN_STYLE = Automatic;
				CURRENT_PROJECT_VERSION = 1;
				DEVELOPMENT_TEAM = 8ANAPSQLYM;
				GENERATE_INFOPLIST_FILE = YES;
				MARKETING_VERSION = 1.0;
				PRODUCT_BUNDLE_IDENTIFIER = ru.yandex.practicum.ImageFeedUITests;
				PRODUCT_NAME = "$(TARGET_NAME)";
				SWIFT_EMIT_LOC_STRINGS = NO;
				SWIFT_VERSION = 5.0;
				TARGETED_DEVICE_FAMILY = "1,2";
				TEST_TARGET_NAME = ImageFeed;
			};
			name = Release;
		};
/* End XCBuildConfiguration section */

/* Begin XCConfigurationList section */
		C8DFB4542B4AC1F000865E8F /* Build configuration list for PBXProject "ImageFeed" */ = {
			isa = XCConfigurationList;
			buildConfigurations = (
				C8DFB4812B4AC1F100865E8F /* Debug */,
				C8DFB4822B4AC1F100865E8F /* Release */,
			);
			defaultConfigurationIsVisible = 0;
			defaultConfigurationName = Release;
		};
		C8DFB4832B4AC1F100865E8F /* Build configuration list for PBXNativeTarget "ImageFeed" */ = {
			isa = XCConfigurationList;
			buildConfigurations = (
				C8DFB4842B4AC1F100865E8F /* Debug */,
				C8DFB4852B4AC1F100865E8F /* Release */,
			);
			defaultConfigurationIsVisible = 0;
			defaultConfigurationName = Release;
		};
		C8DFB4862B4AC1F100865E8F /* Build configuration list for PBXNativeTarget "ImageFeedTests" */ = {
			isa = XCConfigurationList;
			buildConfigurations = (
				C8DFB4872B4AC1F100865E8F /* Debug */,
				C8DFB4882B4AC1F100865E8F /* Release */,
			);
			defaultConfigurationIsVisible = 0;
			defaultConfigurationName = Release;
		};
		C8DFB4892B4AC1F100865E8F /* Build configuration list for PBXNativeTarget "ImageFeedUITests" */ = {
			isa = XCConfigurationList;
			buildConfigurations = (
				C8DFB48A2B4AC1F100865E8F /* Debug */,
				C8DFB48B2B4AC1F100865E8F /* Release */,
			);
			defaultConfigurationIsVisible = 0;
			defaultConfigurationName = Release;
		};
/* End XCConfigurationList section */
	};
	rootObject = C8DFB4512B4AC1F000865E8F /* Project object */;
}
